
Microsoft Visual Studio Solution File, Format Version 12.00
Project("{2150E333-8FDC-42A3-9474-1A3956D46DE8}") = "2_AsyncBasics", "2_AsyncBasics", "{C8F07ECA-7C6F-432C-9F2B-1D2E3C1B09DF}"
EndProject
Project("{FAE04EC0-301F-11D3-BF4B-00C04F79EFBC}") = "Task_2.1", "2_AsyncBasics\Task_2.1\Task_2.1.csproj", "{FF2FE19B-BD8B-4129-A7C8-DE8FE10458B5}"
EndProject
Project("{FAE04EC0-301F-11D3-BF4B-00C04F79EFBC}") = "Task_2.2", "2_AsyncBasics\Task_2.2\Task_2.2.csproj", "{41804482-0A94-46A8-B482-F32BB8AEF221}"
EndProject
Project("{FAE04EC0-301F-11D3-BF4B-00C04F79EFBC}") = "Task_2.3", "2_AsyncBasics\Task_2.3\Task_2.3.csproj", "{0D6B1175-D00F-44BB-ACA4-A7CE379D68DA}"
EndProject
Project("{FAE04EC0-301F-11D3-BF4B-00C04F79EFBC}") = "Task_2.4", "2_AsyncBasics\Task_2.4\Task_2.4.csproj", "{79848D06-958C-4DEF-B259-110FB7CE80B1}"
EndProject
Project("{FAE04EC0-301F-11D3-BF4B-00C04F79EFBC}") = "Task_2.5", "2_AsyncBasics\Task_2.5\Task_2.5.csproj", "{1D25B071-D362-4BF8-BE93-B7D44F14A7F1}"
EndProject
Project("{FAE04EC0-301F-11D3-BF4B-00C04F79EFBC}") = "Task_2.6", "2_AsyncBasics\Task_2.6\Task_2.6.csproj", "{38E16C5E-A3B9-4A14-B766-830C73C5AACA}"
EndProject
Project("{FAE04EC0-301F-11D3-BF4B-00C04F79EFBC}") = "Task_2.7", "2_AsyncBasics\Task_2.7\Task_2.7.csproj", "{A031277D-4D3F-4D38-B87C-FE6B383F00EF}"
EndProject
Project("{FAE04EC0-301F-11D3-BF4B-00C04F79EFBC}") = "Task_2.8", "2_AsyncBasics\Task_2.8\Task_2.8.csproj", "{A0FEC1B7-B0B6-4847-AD98-12EDDCCFA4BA}"
EndProject
Project("{FAE04EC0-301F-11D3-BF4B-00C04F79EFBC}") = "Task_2.9", "2_AsyncBasics\Task_2.9\Task_2.9.csproj", "{7A187AE4-BB76-4DBF-885E-DBB032F57A68}"
EndProject
Project("{FAE04EC0-301F-11D3-BF4B-00C04F79EFBC}") = "Task_2.10", "2_AsyncBasics\Task_2.10\Task_2.10.csproj", "{C806C21D-FE8C-4CDD-A3EE-7F58D19BD1C8}"
EndProject
Project("{FAE04EC0-301F-11D3-BF4B-00C04F79EFBC}") = "Task_2.11", "2_AsyncBasics\Task_2.11\Task_2.11.csproj", "{62A3C3AF-1424-4003-BEE0-901A25991B41}"
EndProject
Project("{2150E333-8FDC-42A3-9474-1A3956D46DE8}") = "3_AsynchronousThreads", "3_AsynchronousThreads", "{B36CC893-0A63-4AC4-A6DA-78D20F2E750A}"
EndProject
Project("{FAE04EC0-301F-11D3-BF4B-00C04F79EFBC}") = "Task_3.1", "3_AsynchronousThreads\Task_3.1\Task_3.1.csproj", "{1E24BA1E-E1D2-4427-AC7A-2FBEF5867640}"
EndProject
Project("{FAE04EC0-301F-11D3-BF4B-00C04F79EFBC}") = "Task_3.2", "3_AsynchronousThreads\Task_3.2\Task_3.2.csproj", "{C64BCE9D-97CE-4C85-A8C7-B3E6C8363B10}"
EndProject
Project("{FAE04EC0-301F-11D3-BF4B-00C04F79EFBC}") = "Task_3.3", "3_AsynchronousThreads\Task_3.3\Task_3.3.csproj", "{83D1F3A4-4DD9-4A82-9D44-FE640D771FD2}"
EndProject
Project("{FAE04EC0-301F-11D3-BF4B-00C04F79EFBC}") = "Task_3.4", "3_AsynchronousThreads\Task_3.4\Task_3.4.csproj", "{28B69EB9-1239-43D4-AFFE-CB69FF476C68}"
EndProject
Project("{2150E333-8FDC-42A3-9474-1A3956D46DE8}") = "4_ParallelBasicsProgramming", "4_ParallelBasicsProgramming", "{C9C5254B-6FA4-47CA-8ACA-54D2FB5923B7}"
EndProject
Project("{FAE04EC0-301F-11D3-BF4B-00C04F79EFBC}") = "Task_4.1", "4_ParallelBasicsProgramming\Task_4.1\Task_4.1.csproj", "{8C83DA1C-8575-4E2F-B4D1-D8921DF318FE}"
EndProject
Project("{FAE04EC0-301F-11D3-BF4B-00C04F79EFBC}") = "Task_4.2", "4_ParallelBasicsProgramming\Task_4.2\Task_4.2.csproj", "{F3F384EE-D37E-4A85-B984-5330C67F50EA}"
EndProject
Project("{FAE04EC0-301F-11D3-BF4B-00C04F79EFBC}") = "Task_4.3", "4_ParallelBasicsProgramming\Task_4.3\Task_4.3.csproj", "{EF734007-5F2E-4191-AF1C-BBC2CB857695}"
EndProject
Project("{FAE04EC0-301F-11D3-BF4B-00C04F79EFBC}") = "Task_4.4", "4_ParallelBasicsProgramming\Task_4.4\Task_4.4.csproj", "{8F34EF0D-CE11-419C-AE02-BF457B396651}"
EndProject
Project("{FAE04EC0-301F-11D3-BF4B-00C04F79EFBC}") = "Task_4.5", "4_ParallelBasicsProgramming\Task_4.5\Task_4.5.csproj", "{4F7E03C4-ECCC-49A0-B2E6-31C23FCC4346}"
EndProject
Project("{2150E333-8FDC-42A3-9474-1A3956D46DE8}") = "5_DataflowBasics", "5_DataflowBasics", "{5A21D47F-C49A-4D5C-A700-5E6628D503A5}"
EndProject
Project("{FAE04EC0-301F-11D3-BF4B-00C04F79EFBC}") = "Task_5.1", "5_DataflowBasics\Task_5.1\Task_5.1.csproj", "{4058561A-3EC9-4D3A-AA0A-EA904C15108C}"
EndProject
Project("{FAE04EC0-301F-11D3-BF4B-00C04F79EFBC}") = "Task_5.2", "5_DataflowBasics\Task_5.2\Task_5.2.csproj", "{922FF63A-9D1B-4357-9D24-6C54A7B1A494}"
EndProject
Project("{FAE04EC0-301F-11D3-BF4B-00C04F79EFBC}") = "Task_5.3", "5_DataflowBasics\Task_5.3\Task_5.3.csproj", "{FC42717A-4308-4A23-851F-8EA6AF51D765}"
EndProject
Project("{FAE04EC0-301F-11D3-BF4B-00C04F79EFBC}") = "Task_5.4", "5_DataflowBasics\Task_5.4\Task_5.4.csproj", "{4BFE7E62-DA16-4D3A-9C48-6E1FBAEC0266}"
EndProject
Project("{FAE04EC0-301F-11D3-BF4B-00C04F79EFBC}") = "Task_5.5", "5_DataflowBasics\Task_5.5\Task_5.5.csproj", "{5BA3769F-7349-4FE6-871D-142334477401}"
EndProject
Project("{FAE04EC0-301F-11D3-BF4B-00C04F79EFBC}") = "Task_5.6", "5_DataflowBasics\Task_5.6\Task_5.6.csproj", "{B53B4521-2C3E-49C1-8C9B-78C7BEE2A4AC}"
EndProject
Project("{2150E333-8FDC-42A3-9474-1A3956D46DE8}") = "6_System.ReactiveBasics", "6_System.ReactiveBasics", "{03900D98-1E3F-44A8-AEB9-229378931263}"
EndProject
Project("{FAE04EC0-301F-11D3-BF4B-00C04F79EFBC}") = "Task_6.1", "6_System.ReactiveBasics\Task_6.1\Task_6.1.csproj", "{BDF2F1C1-7E43-4512-9E4B-D99FECA920AE}"
EndProject
Project("{FAE04EC0-301F-11D3-BF4B-00C04F79EFBC}") = "Task_6.2", "6_System.ReactiveBasics\Task_6.2\Task_6.2.csproj", "{6F73A9EE-60ED-4D6E-8642-858546C8FF0D}"
EndProject
Project("{FAE04EC0-301F-11D3-BF4B-00C04F79EFBC}") = "Task_6.3", "6_System.ReactiveBasics\Task_6.3\Task_6.3.csproj", "{B1A01CE6-0A3A-4B48-A201-13DB4C1AB677}"
EndProject
Project("{FAE04EC0-301F-11D3-BF4B-00C04F79EFBC}") = "Task_6.4", "6_System.ReactiveBasics\Task_6.4\Task_6.4.csproj", "{E466A5B0-C5E7-4781-B672-DAF354ABC409}"
EndProject
Project("{FAE04EC0-301F-11D3-BF4B-00C04F79EFBC}") = "Task_6.5", "6_System.ReactiveBasics\Task_6.5\Task_6.5.csproj", "{4D11EF10-AD86-4486-BD05-91D8098CBFD9}"
EndProject
Project("{2150E333-8FDC-42A3-9474-1A3956D46DE8}") = "7_UnitTestingAsyncMethods", "7_UnitTestingAsyncMethods", "{2FA796EA-DA8C-4B47-9336-06ACFF80D31D}"
EndProject
Project("{FAE04EC0-301F-11D3-BF4B-00C04F79EFBC}") = "Task_7.1", "7_UnitTestingAsyncMethods\Task_7.1\Task_7.1.csproj", "{2E1B909B-797B-446D-8DE1-990884B111D5}"
EndProject
Project("{FAE04EC0-301F-11D3-BF4B-00C04F79EFBC}") = "Task_7.2", "7_UnitTestingAsyncMethods\Task_7.2\Task_7.2.csproj", "{BC5A3B80-0591-4FCD-8491-182AADBD4BD1}"
EndProject
Project("{FAE04EC0-301F-11D3-BF4B-00C04F79EFBC}") = "Task_7.3", "7_UnitTestingAsyncMethods\Task_7.3\Task_7.3.csproj", "{F54B05E5-886B-418E-9098-FA83113A57E0}"
EndProject
Project("{FAE04EC0-301F-11D3-BF4B-00C04F79EFBC}") = "Task_7.4", "7_UnitTestingAsyncMethods\Task_7.4\Task_7.4.csproj", "{CE15324E-EC5F-41D1-A8C9-A45D01E730EB}"
EndProject
Project("{2150E333-8FDC-42A3-9474-1A3956D46DE8}") = "8_Interaction", "8_Interaction", "{CCF17F8F-1CAA-47E3-B280-01529CABE222}"
EndProject
Project("{FAE04EC0-301F-11D3-BF4B-00C04F79EFBC}") = "Task_8.1", "8_Interaction\Task_8.1\Task_8.1.csproj", "{4350DAB2-F170-46FF-B6F3-376F3CFB573B}"
EndProject
Project("{FAE04EC0-301F-11D3-BF4B-00C04F79EFBC}") = "Task_8.2", "8_Interaction\Task_8.2\Task_8.2.csproj", "{D4DE1C90-5E64-4B05-9464-598F712EA049}"
EndProject
Project("{FAE04EC0-301F-11D3-BF4B-00C04F79EFBC}") = "Task_8.3", "8_Interaction\Task_8.3\Task_8.3.csproj", "{187D1713-3F1C-461D-9DCC-02DC3F313683}"
EndProject
Project("{FAE04EC0-301F-11D3-BF4B-00C04F79EFBC}") = "Task_8.4", "8_Interaction\Task_8.4\Task_8.4.csproj", "{98A87DE6-9F09-42EE-A996-A334413775EE}"
EndProject
Project("{2150E333-8FDC-42A3-9474-1A3956D46DE8}") = "9_Collections", "9_Collections", "{E00EA339-6153-4EA2-865E-13A5E11A2AD4}"
EndProject
Project("{FAE04EC0-301F-11D3-BF4B-00C04F79EFBC}") = "Task_9.1", "9_Collections\Task_9.1\Task_9.1.csproj", "{A9DEF320-0E3B-4C5F-9914-10EF1751FA23}"
EndProject
Project("{FAE04EC0-301F-11D3-BF4B-00C04F79EFBC}") = "Task_9.2", "9_Collections\Task_9.2\Task_9.2.csproj", "{E34701AA-650F-4D7C-9D4C-2B061E051331}"
EndProject
Project("{FAE04EC0-301F-11D3-BF4B-00C04F79EFBC}") = "Task_9.3", "9_Collections\Task_9.3\Task_9.3.csproj", "{4FC5178C-BD60-468F-B99B-99AA192C3C6E}"
EndProject
Project("{FAE04EC0-301F-11D3-BF4B-00C04F79EFBC}") = "Task_9.4", "9_Collections\Task_9.4\Task_9.4.csproj", "{52434463-1483-4A73-866E-1E90FBD78E15}"
EndProject
Project("{FAE04EC0-301F-11D3-BF4B-00C04F79EFBC}") = "Task_9.5", "9_Collections\Task_9.5\Task_9.5.csproj", "{717BCD5D-61FC-4FE5-87F2-3AA379EB0298}"
EndProject
Project("{FAE04EC0-301F-11D3-BF4B-00C04F79EFBC}") = "Task_9.6", "9_Collections\Task_9.6\Task_9.6.csproj", "{3EFAD76D-3EE0-4120-9565-C6DF08EA2C15}"
EndProject
Project("{FAE04EC0-301F-11D3-BF4B-00C04F79EFBC}") = "Task_9.7", "9_Collections\Task_9.7\Task_9.7.csproj", "{C650AB01-F8A6-4AF2-9904-026DA8BAF100}"
EndProject
Project("{FAE04EC0-301F-11D3-BF4B-00C04F79EFBC}") = "Task_9.8", "9_Collections\Task_9.8\Task_9.8.csproj", "{2E0859B4-8BF8-4046-8A6A-AB9013A7512F}"
EndProject
Project("{FAE04EC0-301F-11D3-BF4B-00C04F79EFBC}") = "Task_9.9", "9_Collections\Task_9.9\Task_9.9.csproj", "{9C502A4E-AC29-4610-8864-167B448DC3B5}"
EndProject
Project("{FAE04EC0-301F-11D3-BF4B-00C04F79EFBC}") = "Task_9.10", "9_Collections\Task_9.10\Task_9.10.csproj", "{924AEC2D-2035-4A2A-8238-6777EF3DF8D3}"
EndProject
Project("{FAE04EC0-301F-11D3-BF4B-00C04F79EFBC}") = "Task_9.11", "9_Collections\Task_9.11\Task_9.11.csproj", "{D82534E2-5040-4F2F-ABAC-20A0F22156DD}"
EndProject
Project("{FAE04EC0-301F-11D3-BF4B-00C04F79EFBC}") = "Task_9.12", "9_Collections\Task_9.12\Task_9.12.csproj", "{46F086FD-2435-4831-BC06-E3E8AD02131E}"
EndProject
Project("{2150E333-8FDC-42A3-9474-1A3956D46DE8}") = "10_Cancel", "10_Cancel", "{5A1A72FB-CF54-4AB1-9094-A3E04279A30A}"
EndProject
Project("{FAE04EC0-301F-11D3-BF4B-00C04F79EFBC}") = "Task_10.1", "10_Cancel\Task_10.1\Task_10.1.csproj", "{17BF2883-4BF3-4D96-A529-8F307812BF5A}"
EndProject
Project("{FAE04EC0-301F-11D3-BF4B-00C04F79EFBC}") = "Task_10.2", "10_Cancel\Task_10.2\Task_10.2.csproj", "{15364B88-23B4-4C25-B62E-0785E561827E}"
EndProject
Project("{FAE04EC0-301F-11D3-BF4B-00C04F79EFBC}") = "Task_10.3", "10_Cancel\Task_10.3\Task_10.3.csproj", "{FDF75FF9-CE3B-4F46-9322-D65A9D28952C}"
EndProject
Project("{FAE04EC0-301F-11D3-BF4B-00C04F79EFBC}") = "Task_10.4", "10_Cancel\Task_10.4\Task_10.4.csproj", "{5C937EA0-FF13-4D61-A437-1BE5620EE0D9}"
EndProject
Project("{FAE04EC0-301F-11D3-BF4B-00C04F79EFBC}") = "Task_10.5", "10_Cancel\Task_10.5\Task_10.5.csproj", "{62FC8E77-E0AD-4D12-8F1B-3950E9FAC0AE}"
EndProject
Project("{FAE04EC0-301F-11D3-BF4B-00C04F79EFBC}") = "Task_10.6", "10_Cancel\Task_10.6\Task_10.6.csproj", "{4FBB0B22-1A19-4200-B90A-077237D3C06F}"
EndProject
Project("{FAE04EC0-301F-11D3-BF4B-00C04F79EFBC}") = "Task_10.7", "10_Cancel\Task_10.7\Task_10.7.csproj", "{97B24A87-2E86-4A50-922F-DFAFB2DF8C69}"
EndProject
Project("{FAE04EC0-301F-11D3-BF4B-00C04F79EFBC}") = "Task_10.8", "10_Cancel\Task_10.8\Task_10.8.csproj", "{059AA85F-75D3-4DCD-8836-95FB0737B474}"
EndProject
Project("{FAE04EC0-301F-11D3-BF4B-00C04F79EFBC}") = "Task_10.9", "10_Cancel\Task_10.9\Task_10.9.csproj", "{C0321E9D-A091-4E8C-87A7-F67F9BBCAAA1}"
EndProject
Global
	GlobalSection(SolutionConfigurationPlatforms) = preSolution
		Debug|Any CPU = Debug|Any CPU
		Release|Any CPU = Release|Any CPU
	EndGlobalSection
	GlobalSection(ProjectConfigurationPlatforms) = postSolution
		{FF2FE19B-BD8B-4129-A7C8-DE8FE10458B5}.Debug|Any CPU.ActiveCfg = Debug|Any CPU
		{FF2FE19B-BD8B-4129-A7C8-DE8FE10458B5}.Debug|Any CPU.Build.0 = Debug|Any CPU
		{FF2FE19B-BD8B-4129-A7C8-DE8FE10458B5}.Release|Any CPU.ActiveCfg = Release|Any CPU
		{FF2FE19B-BD8B-4129-A7C8-DE8FE10458B5}.Release|Any CPU.Build.0 = Release|Any CPU
		{41804482-0A94-46A8-B482-F32BB8AEF221}.Debug|Any CPU.ActiveCfg = Debug|Any CPU
		{41804482-0A94-46A8-B482-F32BB8AEF221}.Debug|Any CPU.Build.0 = Debug|Any CPU
		{41804482-0A94-46A8-B482-F32BB8AEF221}.Release|Any CPU.ActiveCfg = Release|Any CPU
		{41804482-0A94-46A8-B482-F32BB8AEF221}.Release|Any CPU.Build.0 = Release|Any CPU
		{0D6B1175-D00F-44BB-ACA4-A7CE379D68DA}.Debug|Any CPU.ActiveCfg = Debug|Any CPU
		{0D6B1175-D00F-44BB-ACA4-A7CE379D68DA}.Debug|Any CPU.Build.0 = Debug|Any CPU
		{0D6B1175-D00F-44BB-ACA4-A7CE379D68DA}.Release|Any CPU.ActiveCfg = Release|Any CPU
		{0D6B1175-D00F-44BB-ACA4-A7CE379D68DA}.Release|Any CPU.Build.0 = Release|Any CPU
		{79848D06-958C-4DEF-B259-110FB7CE80B1}.Debug|Any CPU.ActiveCfg = Debug|Any CPU
		{79848D06-958C-4DEF-B259-110FB7CE80B1}.Debug|Any CPU.Build.0 = Debug|Any CPU
		{79848D06-958C-4DEF-B259-110FB7CE80B1}.Release|Any CPU.ActiveCfg = Release|Any CPU
		{79848D06-958C-4DEF-B259-110FB7CE80B1}.Release|Any CPU.Build.0 = Release|Any CPU
		{1D25B071-D362-4BF8-BE93-B7D44F14A7F1}.Debug|Any CPU.ActiveCfg = Debug|Any CPU
		{1D25B071-D362-4BF8-BE93-B7D44F14A7F1}.Debug|Any CPU.Build.0 = Debug|Any CPU
		{1D25B071-D362-4BF8-BE93-B7D44F14A7F1}.Release|Any CPU.ActiveCfg = Release|Any CPU
		{1D25B071-D362-4BF8-BE93-B7D44F14A7F1}.Release|Any CPU.Build.0 = Release|Any CPU
		{38E16C5E-A3B9-4A14-B766-830C73C5AACA}.Debug|Any CPU.ActiveCfg = Debug|Any CPU
		{38E16C5E-A3B9-4A14-B766-830C73C5AACA}.Debug|Any CPU.Build.0 = Debug|Any CPU
		{38E16C5E-A3B9-4A14-B766-830C73C5AACA}.Release|Any CPU.ActiveCfg = Release|Any CPU
		{38E16C5E-A3B9-4A14-B766-830C73C5AACA}.Release|Any CPU.Build.0 = Release|Any CPU
		{A031277D-4D3F-4D38-B87C-FE6B383F00EF}.Debug|Any CPU.ActiveCfg = Debug|Any CPU
		{A031277D-4D3F-4D38-B87C-FE6B383F00EF}.Debug|Any CPU.Build.0 = Debug|Any CPU
		{A031277D-4D3F-4D38-B87C-FE6B383F00EF}.Release|Any CPU.ActiveCfg = Release|Any CPU
		{A031277D-4D3F-4D38-B87C-FE6B383F00EF}.Release|Any CPU.Build.0 = Release|Any CPU
		{A0FEC1B7-B0B6-4847-AD98-12EDDCCFA4BA}.Debug|Any CPU.ActiveCfg = Debug|Any CPU
		{A0FEC1B7-B0B6-4847-AD98-12EDDCCFA4BA}.Debug|Any CPU.Build.0 = Debug|Any CPU
		{A0FEC1B7-B0B6-4847-AD98-12EDDCCFA4BA}.Release|Any CPU.ActiveCfg = Release|Any CPU
		{A0FEC1B7-B0B6-4847-AD98-12EDDCCFA4BA}.Release|Any CPU.Build.0 = Release|Any CPU
		{7A187AE4-BB76-4DBF-885E-DBB032F57A68}.Debug|Any CPU.ActiveCfg = Debug|Any CPU
		{7A187AE4-BB76-4DBF-885E-DBB032F57A68}.Debug|Any CPU.Build.0 = Debug|Any CPU
		{7A187AE4-BB76-4DBF-885E-DBB032F57A68}.Release|Any CPU.ActiveCfg = Release|Any CPU
		{7A187AE4-BB76-4DBF-885E-DBB032F57A68}.Release|Any CPU.Build.0 = Release|Any CPU
		{C806C21D-FE8C-4CDD-A3EE-7F58D19BD1C8}.Debug|Any CPU.ActiveCfg = Debug|Any CPU
		{C806C21D-FE8C-4CDD-A3EE-7F58D19BD1C8}.Debug|Any CPU.Build.0 = Debug|Any CPU
		{C806C21D-FE8C-4CDD-A3EE-7F58D19BD1C8}.Release|Any CPU.ActiveCfg = Release|Any CPU
		{C806C21D-FE8C-4CDD-A3EE-7F58D19BD1C8}.Release|Any CPU.Build.0 = Release|Any CPU
		{62A3C3AF-1424-4003-BEE0-901A25991B41}.Debug|Any CPU.ActiveCfg = Debug|Any CPU
		{62A3C3AF-1424-4003-BEE0-901A25991B41}.Debug|Any CPU.Build.0 = Debug|Any CPU
		{62A3C3AF-1424-4003-BEE0-901A25991B41}.Release|Any CPU.ActiveCfg = Release|Any CPU
		{62A3C3AF-1424-4003-BEE0-901A25991B41}.Release|Any CPU.Build.0 = Release|Any CPU
		{1E24BA1E-E1D2-4427-AC7A-2FBEF5867640}.Debug|Any CPU.ActiveCfg = Debug|Any CPU
		{1E24BA1E-E1D2-4427-AC7A-2FBEF5867640}.Debug|Any CPU.Build.0 = Debug|Any CPU
		{1E24BA1E-E1D2-4427-AC7A-2FBEF5867640}.Release|Any CPU.ActiveCfg = Release|Any CPU
		{1E24BA1E-E1D2-4427-AC7A-2FBEF5867640}.Release|Any CPU.Build.0 = Release|Any CPU
		{C64BCE9D-97CE-4C85-A8C7-B3E6C8363B10}.Debug|Any CPU.ActiveCfg = Debug|Any CPU
		{C64BCE9D-97CE-4C85-A8C7-B3E6C8363B10}.Debug|Any CPU.Build.0 = Debug|Any CPU
		{C64BCE9D-97CE-4C85-A8C7-B3E6C8363B10}.Release|Any CPU.ActiveCfg = Release|Any CPU
		{C64BCE9D-97CE-4C85-A8C7-B3E6C8363B10}.Release|Any CPU.Build.0 = Release|Any CPU
		{83D1F3A4-4DD9-4A82-9D44-FE640D771FD2}.Debug|Any CPU.ActiveCfg = Debug|Any CPU
		{83D1F3A4-4DD9-4A82-9D44-FE640D771FD2}.Debug|Any CPU.Build.0 = Debug|Any CPU
		{83D1F3A4-4DD9-4A82-9D44-FE640D771FD2}.Release|Any CPU.ActiveCfg = Release|Any CPU
		{83D1F3A4-4DD9-4A82-9D44-FE640D771FD2}.Release|Any CPU.Build.0 = Release|Any CPU
		{28B69EB9-1239-43D4-AFFE-CB69FF476C68}.Debug|Any CPU.ActiveCfg = Debug|Any CPU
		{28B69EB9-1239-43D4-AFFE-CB69FF476C68}.Debug|Any CPU.Build.0 = Debug|Any CPU
		{28B69EB9-1239-43D4-AFFE-CB69FF476C68}.Release|Any CPU.ActiveCfg = Release|Any CPU
		{28B69EB9-1239-43D4-AFFE-CB69FF476C68}.Release|Any CPU.Build.0 = Release|Any CPU
		{8C83DA1C-8575-4E2F-B4D1-D8921DF318FE}.Debug|Any CPU.ActiveCfg = Debug|Any CPU
		{8C83DA1C-8575-4E2F-B4D1-D8921DF318FE}.Debug|Any CPU.Build.0 = Debug|Any CPU
		{8C83DA1C-8575-4E2F-B4D1-D8921DF318FE}.Release|Any CPU.ActiveCfg = Release|Any CPU
		{8C83DA1C-8575-4E2F-B4D1-D8921DF318FE}.Release|Any CPU.Build.0 = Release|Any CPU
		{F3F384EE-D37E-4A85-B984-5330C67F50EA}.Debug|Any CPU.ActiveCfg = Debug|Any CPU
		{F3F384EE-D37E-4A85-B984-5330C67F50EA}.Debug|Any CPU.Build.0 = Debug|Any CPU
		{F3F384EE-D37E-4A85-B984-5330C67F50EA}.Release|Any CPU.ActiveCfg = Release|Any CPU
		{F3F384EE-D37E-4A85-B984-5330C67F50EA}.Release|Any CPU.Build.0 = Release|Any CPU
		{EF734007-5F2E-4191-AF1C-BBC2CB857695}.Debug|Any CPU.ActiveCfg = Debug|Any CPU
		{EF734007-5F2E-4191-AF1C-BBC2CB857695}.Debug|Any CPU.Build.0 = Debug|Any CPU
		{EF734007-5F2E-4191-AF1C-BBC2CB857695}.Release|Any CPU.ActiveCfg = Release|Any CPU
		{EF734007-5F2E-4191-AF1C-BBC2CB857695}.Release|Any CPU.Build.0 = Release|Any CPU
		{8F34EF0D-CE11-419C-AE02-BF457B396651}.Debug|Any CPU.ActiveCfg = Debug|Any CPU
		{8F34EF0D-CE11-419C-AE02-BF457B396651}.Debug|Any CPU.Build.0 = Debug|Any CPU
		{8F34EF0D-CE11-419C-AE02-BF457B396651}.Release|Any CPU.ActiveCfg = Release|Any CPU
		{8F34EF0D-CE11-419C-AE02-BF457B396651}.Release|Any CPU.Build.0 = Release|Any CPU
		{4F7E03C4-ECCC-49A0-B2E6-31C23FCC4346}.Debug|Any CPU.ActiveCfg = Debug|Any CPU
		{4F7E03C4-ECCC-49A0-B2E6-31C23FCC4346}.Debug|Any CPU.Build.0 = Debug|Any CPU
		{4F7E03C4-ECCC-49A0-B2E6-31C23FCC4346}.Release|Any CPU.ActiveCfg = Release|Any CPU
		{4F7E03C4-ECCC-49A0-B2E6-31C23FCC4346}.Release|Any CPU.Build.0 = Release|Any CPU
		{4058561A-3EC9-4D3A-AA0A-EA904C15108C}.Debug|Any CPU.ActiveCfg = Debug|Any CPU
		{4058561A-3EC9-4D3A-AA0A-EA904C15108C}.Debug|Any CPU.Build.0 = Debug|Any CPU
		{4058561A-3EC9-4D3A-AA0A-EA904C15108C}.Release|Any CPU.ActiveCfg = Release|Any CPU
		{4058561A-3EC9-4D3A-AA0A-EA904C15108C}.Release|Any CPU.Build.0 = Release|Any CPU
		{922FF63A-9D1B-4357-9D24-6C54A7B1A494}.Debug|Any CPU.ActiveCfg = Debug|Any CPU
		{922FF63A-9D1B-4357-9D24-6C54A7B1A494}.Debug|Any CPU.Build.0 = Debug|Any CPU
		{922FF63A-9D1B-4357-9D24-6C54A7B1A494}.Release|Any CPU.ActiveCfg = Release|Any CPU
		{922FF63A-9D1B-4357-9D24-6C54A7B1A494}.Release|Any CPU.Build.0 = Release|Any CPU
		{FC42717A-4308-4A23-851F-8EA6AF51D765}.Debug|Any CPU.ActiveCfg = Debug|Any CPU
		{FC42717A-4308-4A23-851F-8EA6AF51D765}.Debug|Any CPU.Build.0 = Debug|Any CPU
		{FC42717A-4308-4A23-851F-8EA6AF51D765}.Release|Any CPU.ActiveCfg = Release|Any CPU
		{FC42717A-4308-4A23-851F-8EA6AF51D765}.Release|Any CPU.Build.0 = Release|Any CPU
		{4BFE7E62-DA16-4D3A-9C48-6E1FBAEC0266}.Debug|Any CPU.ActiveCfg = Debug|Any CPU
		{4BFE7E62-DA16-4D3A-9C48-6E1FBAEC0266}.Debug|Any CPU.Build.0 = Debug|Any CPU
		{4BFE7E62-DA16-4D3A-9C48-6E1FBAEC0266}.Release|Any CPU.ActiveCfg = Release|Any CPU
		{4BFE7E62-DA16-4D3A-9C48-6E1FBAEC0266}.Release|Any CPU.Build.0 = Release|Any CPU
		{5BA3769F-7349-4FE6-871D-142334477401}.Debug|Any CPU.ActiveCfg = Debug|Any CPU
		{5BA3769F-7349-4FE6-871D-142334477401}.Debug|Any CPU.Build.0 = Debug|Any CPU
		{5BA3769F-7349-4FE6-871D-142334477401}.Release|Any CPU.ActiveCfg = Release|Any CPU
		{5BA3769F-7349-4FE6-871D-142334477401}.Release|Any CPU.Build.0 = Release|Any CPU
		{B53B4521-2C3E-49C1-8C9B-78C7BEE2A4AC}.Debug|Any CPU.ActiveCfg = Debug|Any CPU
		{B53B4521-2C3E-49C1-8C9B-78C7BEE2A4AC}.Debug|Any CPU.Build.0 = Debug|Any CPU
		{B53B4521-2C3E-49C1-8C9B-78C7BEE2A4AC}.Release|Any CPU.ActiveCfg = Release|Any CPU
		{B53B4521-2C3E-49C1-8C9B-78C7BEE2A4AC}.Release|Any CPU.Build.0 = Release|Any CPU
		{BDF2F1C1-7E43-4512-9E4B-D99FECA920AE}.Debug|Any CPU.ActiveCfg = Debug|Any CPU
		{BDF2F1C1-7E43-4512-9E4B-D99FECA920AE}.Debug|Any CPU.Build.0 = Debug|Any CPU
		{BDF2F1C1-7E43-4512-9E4B-D99FECA920AE}.Release|Any CPU.ActiveCfg = Release|Any CPU
		{BDF2F1C1-7E43-4512-9E4B-D99FECA920AE}.Release|Any CPU.Build.0 = Release|Any CPU
		{6F73A9EE-60ED-4D6E-8642-858546C8FF0D}.Debug|Any CPU.ActiveCfg = Debug|Any CPU
		{6F73A9EE-60ED-4D6E-8642-858546C8FF0D}.Debug|Any CPU.Build.0 = Debug|Any CPU
		{6F73A9EE-60ED-4D6E-8642-858546C8FF0D}.Release|Any CPU.ActiveCfg = Release|Any CPU
		{6F73A9EE-60ED-4D6E-8642-858546C8FF0D}.Release|Any CPU.Build.0 = Release|Any CPU
		{B1A01CE6-0A3A-4B48-A201-13DB4C1AB677}.Debug|Any CPU.ActiveCfg = Debug|Any CPU
		{B1A01CE6-0A3A-4B48-A201-13DB4C1AB677}.Debug|Any CPU.Build.0 = Debug|Any CPU
		{B1A01CE6-0A3A-4B48-A201-13DB4C1AB677}.Release|Any CPU.ActiveCfg = Release|Any CPU
		{B1A01CE6-0A3A-4B48-A201-13DB4C1AB677}.Release|Any CPU.Build.0 = Release|Any CPU
		{E466A5B0-C5E7-4781-B672-DAF354ABC409}.Debug|Any CPU.ActiveCfg = Debug|Any CPU
		{E466A5B0-C5E7-4781-B672-DAF354ABC409}.Debug|Any CPU.Build.0 = Debug|Any CPU
		{E466A5B0-C5E7-4781-B672-DAF354ABC409}.Release|Any CPU.ActiveCfg = Release|Any CPU
		{E466A5B0-C5E7-4781-B672-DAF354ABC409}.Release|Any CPU.Build.0 = Release|Any CPU
		{4D11EF10-AD86-4486-BD05-91D8098CBFD9}.Debug|Any CPU.ActiveCfg = Debug|Any CPU
		{4D11EF10-AD86-4486-BD05-91D8098CBFD9}.Debug|Any CPU.Build.0 = Debug|Any CPU
		{4D11EF10-AD86-4486-BD05-91D8098CBFD9}.Release|Any CPU.ActiveCfg = Release|Any CPU
		{4D11EF10-AD86-4486-BD05-91D8098CBFD9}.Release|Any CPU.Build.0 = Release|Any CPU
		{2E1B909B-797B-446D-8DE1-990884B111D5}.Debug|Any CPU.ActiveCfg = Debug|Any CPU
		{2E1B909B-797B-446D-8DE1-990884B111D5}.Debug|Any CPU.Build.0 = Debug|Any CPU
		{2E1B909B-797B-446D-8DE1-990884B111D5}.Release|Any CPU.ActiveCfg = Release|Any CPU
		{2E1B909B-797B-446D-8DE1-990884B111D5}.Release|Any CPU.Build.0 = Release|Any CPU
		{BC5A3B80-0591-4FCD-8491-182AADBD4BD1}.Debug|Any CPU.ActiveCfg = Debug|Any CPU
		{BC5A3B80-0591-4FCD-8491-182AADBD4BD1}.Debug|Any CPU.Build.0 = Debug|Any CPU
		{BC5A3B80-0591-4FCD-8491-182AADBD4BD1}.Release|Any CPU.ActiveCfg = Release|Any CPU
		{BC5A3B80-0591-4FCD-8491-182AADBD4BD1}.Release|Any CPU.Build.0 = Release|Any CPU
		{F54B05E5-886B-418E-9098-FA83113A57E0}.Debug|Any CPU.ActiveCfg = Debug|Any CPU
		{F54B05E5-886B-418E-9098-FA83113A57E0}.Debug|Any CPU.Build.0 = Debug|Any CPU
		{F54B05E5-886B-418E-9098-FA83113A57E0}.Release|Any CPU.ActiveCfg = Release|Any CPU
		{F54B05E5-886B-418E-9098-FA83113A57E0}.Release|Any CPU.Build.0 = Release|Any CPU
		{CE15324E-EC5F-41D1-A8C9-A45D01E730EB}.Debug|Any CPU.ActiveCfg = Debug|Any CPU
		{CE15324E-EC5F-41D1-A8C9-A45D01E730EB}.Debug|Any CPU.Build.0 = Debug|Any CPU
		{CE15324E-EC5F-41D1-A8C9-A45D01E730EB}.Release|Any CPU.ActiveCfg = Release|Any CPU
		{CE15324E-EC5F-41D1-A8C9-A45D01E730EB}.Release|Any CPU.Build.0 = Release|Any CPU
		{4350DAB2-F170-46FF-B6F3-376F3CFB573B}.Debug|Any CPU.ActiveCfg = Debug|Any CPU
		{4350DAB2-F170-46FF-B6F3-376F3CFB573B}.Debug|Any CPU.Build.0 = Debug|Any CPU
		{4350DAB2-F170-46FF-B6F3-376F3CFB573B}.Release|Any CPU.ActiveCfg = Release|Any CPU
		{4350DAB2-F170-46FF-B6F3-376F3CFB573B}.Release|Any CPU.Build.0 = Release|Any CPU
		{D4DE1C90-5E64-4B05-9464-598F712EA049}.Debug|Any CPU.ActiveCfg = Debug|Any CPU
		{D4DE1C90-5E64-4B05-9464-598F712EA049}.Debug|Any CPU.Build.0 = Debug|Any CPU
		{D4DE1C90-5E64-4B05-9464-598F712EA049}.Release|Any CPU.ActiveCfg = Release|Any CPU
		{D4DE1C90-5E64-4B05-9464-598F712EA049}.Release|Any CPU.Build.0 = Release|Any CPU
		{187D1713-3F1C-461D-9DCC-02DC3F313683}.Debug|Any CPU.ActiveCfg = Debug|Any CPU
		{187D1713-3F1C-461D-9DCC-02DC3F313683}.Debug|Any CPU.Build.0 = Debug|Any CPU
		{187D1713-3F1C-461D-9DCC-02DC3F313683}.Release|Any CPU.ActiveCfg = Release|Any CPU
		{187D1713-3F1C-461D-9DCC-02DC3F313683}.Release|Any CPU.Build.0 = Release|Any CPU
		{98A87DE6-9F09-42EE-A996-A334413775EE}.Debug|Any CPU.ActiveCfg = Debug|Any CPU
		{98A87DE6-9F09-42EE-A996-A334413775EE}.Debug|Any CPU.Build.0 = Debug|Any CPU
		{98A87DE6-9F09-42EE-A996-A334413775EE}.Release|Any CPU.ActiveCfg = Release|Any CPU
		{98A87DE6-9F09-42EE-A996-A334413775EE}.Release|Any CPU.Build.0 = Release|Any CPU
		{A9DEF320-0E3B-4C5F-9914-10EF1751FA23}.Debug|Any CPU.ActiveCfg = Debug|Any CPU
		{A9DEF320-0E3B-4C5F-9914-10EF1751FA23}.Debug|Any CPU.Build.0 = Debug|Any CPU
		{A9DEF320-0E3B-4C5F-9914-10EF1751FA23}.Release|Any CPU.ActiveCfg = Release|Any CPU
		{A9DEF320-0E3B-4C5F-9914-10EF1751FA23}.Release|Any CPU.Build.0 = Release|Any CPU
		{E34701AA-650F-4D7C-9D4C-2B061E051331}.Debug|Any CPU.ActiveCfg = Debug|Any CPU
		{E34701AA-650F-4D7C-9D4C-2B061E051331}.Debug|Any CPU.Build.0 = Debug|Any CPU
		{E34701AA-650F-4D7C-9D4C-2B061E051331}.Release|Any CPU.ActiveCfg = Release|Any CPU
		{E34701AA-650F-4D7C-9D4C-2B061E051331}.Release|Any CPU.Build.0 = Release|Any CPU
		{4FC5178C-BD60-468F-B99B-99AA192C3C6E}.Debug|Any CPU.ActiveCfg = Debug|Any CPU
		{4FC5178C-BD60-468F-B99B-99AA192C3C6E}.Debug|Any CPU.Build.0 = Debug|Any CPU
		{4FC5178C-BD60-468F-B99B-99AA192C3C6E}.Release|Any CPU.ActiveCfg = Release|Any CPU
		{4FC5178C-BD60-468F-B99B-99AA192C3C6E}.Release|Any CPU.Build.0 = Release|Any CPU
		{52434463-1483-4A73-866E-1E90FBD78E15}.Debug|Any CPU.ActiveCfg = Debug|Any CPU
		{52434463-1483-4A73-866E-1E90FBD78E15}.Debug|Any CPU.Build.0 = Debug|Any CPU
		{52434463-1483-4A73-866E-1E90FBD78E15}.Release|Any CPU.ActiveCfg = Release|Any CPU
		{52434463-1483-4A73-866E-1E90FBD78E15}.Release|Any CPU.Build.0 = Release|Any CPU
		{717BCD5D-61FC-4FE5-87F2-3AA379EB0298}.Debug|Any CPU.ActiveCfg = Debug|Any CPU
		{717BCD5D-61FC-4FE5-87F2-3AA379EB0298}.Debug|Any CPU.Build.0 = Debug|Any CPU
		{717BCD5D-61FC-4FE5-87F2-3AA379EB0298}.Release|Any CPU.ActiveCfg = Release|Any CPU
		{717BCD5D-61FC-4FE5-87F2-3AA379EB0298}.Release|Any CPU.Build.0 = Release|Any CPU
		{3EFAD76D-3EE0-4120-9565-C6DF08EA2C15}.Debug|Any CPU.ActiveCfg = Debug|Any CPU
		{3EFAD76D-3EE0-4120-9565-C6DF08EA2C15}.Debug|Any CPU.Build.0 = Debug|Any CPU
		{3EFAD76D-3EE0-4120-9565-C6DF08EA2C15}.Release|Any CPU.ActiveCfg = Release|Any CPU
		{3EFAD76D-3EE0-4120-9565-C6DF08EA2C15}.Release|Any CPU.Build.0 = Release|Any CPU
		{C650AB01-F8A6-4AF2-9904-026DA8BAF100}.Debug|Any CPU.ActiveCfg = Debug|Any CPU
		{C650AB01-F8A6-4AF2-9904-026DA8BAF100}.Debug|Any CPU.Build.0 = Debug|Any CPU
		{C650AB01-F8A6-4AF2-9904-026DA8BAF100}.Release|Any CPU.ActiveCfg = Release|Any CPU
		{C650AB01-F8A6-4AF2-9904-026DA8BAF100}.Release|Any CPU.Build.0 = Release|Any CPU
		{2E0859B4-8BF8-4046-8A6A-AB9013A7512F}.Debug|Any CPU.ActiveCfg = Debug|Any CPU
		{2E0859B4-8BF8-4046-8A6A-AB9013A7512F}.Debug|Any CPU.Build.0 = Debug|Any CPU
		{2E0859B4-8BF8-4046-8A6A-AB9013A7512F}.Release|Any CPU.ActiveCfg = Release|Any CPU
		{2E0859B4-8BF8-4046-8A6A-AB9013A7512F}.Release|Any CPU.Build.0 = Release|Any CPU
		{9C502A4E-AC29-4610-8864-167B448DC3B5}.Debug|Any CPU.ActiveCfg = Debug|Any CPU
		{9C502A4E-AC29-4610-8864-167B448DC3B5}.Debug|Any CPU.Build.0 = Debug|Any CPU
		{9C502A4E-AC29-4610-8864-167B448DC3B5}.Release|Any CPU.ActiveCfg = Release|Any CPU
		{9C502A4E-AC29-4610-8864-167B448DC3B5}.Release|Any CPU.Build.0 = Release|Any CPU
		{924AEC2D-2035-4A2A-8238-6777EF3DF8D3}.Debug|Any CPU.ActiveCfg = Debug|Any CPU
		{924AEC2D-2035-4A2A-8238-6777EF3DF8D3}.Debug|Any CPU.Build.0 = Debug|Any CPU
		{924AEC2D-2035-4A2A-8238-6777EF3DF8D3}.Release|Any CPU.ActiveCfg = Release|Any CPU
		{924AEC2D-2035-4A2A-8238-6777EF3DF8D3}.Release|Any CPU.Build.0 = Release|Any CPU
		{D82534E2-5040-4F2F-ABAC-20A0F22156DD}.Debug|Any CPU.ActiveCfg = Debug|Any CPU
		{D82534E2-5040-4F2F-ABAC-20A0F22156DD}.Debug|Any CPU.Build.0 = Debug|Any CPU
		{D82534E2-5040-4F2F-ABAC-20A0F22156DD}.Release|Any CPU.ActiveCfg = Release|Any CPU
		{D82534E2-5040-4F2F-ABAC-20A0F22156DD}.Release|Any CPU.Build.0 = Release|Any CPU
		{46F086FD-2435-4831-BC06-E3E8AD02131E}.Debug|Any CPU.ActiveCfg = Debug|Any CPU
		{46F086FD-2435-4831-BC06-E3E8AD02131E}.Debug|Any CPU.Build.0 = Debug|Any CPU
		{46F086FD-2435-4831-BC06-E3E8AD02131E}.Release|Any CPU.ActiveCfg = Release|Any CPU
		{46F086FD-2435-4831-BC06-E3E8AD02131E}.Release|Any CPU.Build.0 = Release|Any CPU
		{17BF2883-4BF3-4D96-A529-8F307812BF5A}.Debug|Any CPU.ActiveCfg = Debug|Any CPU
		{17BF2883-4BF3-4D96-A529-8F307812BF5A}.Debug|Any CPU.Build.0 = Debug|Any CPU
		{17BF2883-4BF3-4D96-A529-8F307812BF5A}.Release|Any CPU.ActiveCfg = Release|Any CPU
		{17BF2883-4BF3-4D96-A529-8F307812BF5A}.Release|Any CPU.Build.0 = Release|Any CPU
		{15364B88-23B4-4C25-B62E-0785E561827E}.Debug|Any CPU.ActiveCfg = Debug|Any CPU
		{15364B88-23B4-4C25-B62E-0785E561827E}.Debug|Any CPU.Build.0 = Debug|Any CPU
		{15364B88-23B4-4C25-B62E-0785E561827E}.Release|Any CPU.ActiveCfg = Release|Any CPU
		{15364B88-23B4-4C25-B62E-0785E561827E}.Release|Any CPU.Build.0 = Release|Any CPU
		{FDF75FF9-CE3B-4F46-9322-D65A9D28952C}.Debug|Any CPU.ActiveCfg = Debug|Any CPU
		{FDF75FF9-CE3B-4F46-9322-D65A9D28952C}.Debug|Any CPU.Build.0 = Debug|Any CPU
		{FDF75FF9-CE3B-4F46-9322-D65A9D28952C}.Release|Any CPU.ActiveCfg = Release|Any CPU
		{FDF75FF9-CE3B-4F46-9322-D65A9D28952C}.Release|Any CPU.Build.0 = Release|Any CPU
		{5C937EA0-FF13-4D61-A437-1BE5620EE0D9}.Debug|Any CPU.ActiveCfg = Debug|Any CPU
		{5C937EA0-FF13-4D61-A437-1BE5620EE0D9}.Debug|Any CPU.Build.0 = Debug|Any CPU
		{5C937EA0-FF13-4D61-A437-1BE5620EE0D9}.Release|Any CPU.ActiveCfg = Release|Any CPU
		{5C937EA0-FF13-4D61-A437-1BE5620EE0D9}.Release|Any CPU.Build.0 = Release|Any CPU
		{62FC8E77-E0AD-4D12-8F1B-3950E9FAC0AE}.Debug|Any CPU.ActiveCfg = Debug|Any CPU
		{62FC8E77-E0AD-4D12-8F1B-3950E9FAC0AE}.Debug|Any CPU.Build.0 = Debug|Any CPU
		{62FC8E77-E0AD-4D12-8F1B-3950E9FAC0AE}.Release|Any CPU.ActiveCfg = Release|Any CPU
		{62FC8E77-E0AD-4D12-8F1B-3950E9FAC0AE}.Release|Any CPU.Build.0 = Release|Any CPU
		{4FBB0B22-1A19-4200-B90A-077237D3C06F}.Debug|Any CPU.ActiveCfg = Debug|Any CPU
		{4FBB0B22-1A19-4200-B90A-077237D3C06F}.Debug|Any CPU.Build.0 = Debug|Any CPU
		{4FBB0B22-1A19-4200-B90A-077237D3C06F}.Release|Any CPU.ActiveCfg = Release|Any CPU
		{4FBB0B22-1A19-4200-B90A-077237D3C06F}.Release|Any CPU.Build.0 = Release|Any CPU
		{97B24A87-2E86-4A50-922F-DFAFB2DF8C69}.Debug|Any CPU.ActiveCfg = Debug|Any CPU
		{97B24A87-2E86-4A50-922F-DFAFB2DF8C69}.Debug|Any CPU.Build.0 = Debug|Any CPU
		{97B24A87-2E86-4A50-922F-DFAFB2DF8C69}.Release|Any CPU.ActiveCfg = Release|Any CPU
		{97B24A87-2E86-4A50-922F-DFAFB2DF8C69}.Release|Any CPU.Build.0 = Release|Any CPU
		{059AA85F-75D3-4DCD-8836-95FB0737B474}.Debug|Any CPU.ActiveCfg = Debug|Any CPU
		{059AA85F-75D3-4DCD-8836-95FB0737B474}.Debug|Any CPU.Build.0 = Debug|Any CPU
		{059AA85F-75D3-4DCD-8836-95FB0737B474}.Release|Any CPU.ActiveCfg = Release|Any CPU
		{059AA85F-75D3-4DCD-8836-95FB0737B474}.Release|Any CPU.Build.0 = Release|Any CPU
		{C0321E9D-A091-4E8C-87A7-F67F9BBCAAA1}.Debug|Any CPU.ActiveCfg = Debug|Any CPU
		{C0321E9D-A091-4E8C-87A7-F67F9BBCAAA1}.Debug|Any CPU.Build.0 = Debug|Any CPU
		{C0321E9D-A091-4E8C-87A7-F67F9BBCAAA1}.Release|Any CPU.ActiveCfg = Release|Any CPU
		{C0321E9D-A091-4E8C-87A7-F67F9BBCAAA1}.Release|Any CPU.Build.0 = Release|Any CPU
	EndGlobalSection
	GlobalSection(NestedProjects) = preSolution
		{FF2FE19B-BD8B-4129-A7C8-DE8FE10458B5} = {C8F07ECA-7C6F-432C-9F2B-1D2E3C1B09DF}
		{41804482-0A94-46A8-B482-F32BB8AEF221} = {C8F07ECA-7C6F-432C-9F2B-1D2E3C1B09DF}
		{0D6B1175-D00F-44BB-ACA4-A7CE379D68DA} = {C8F07ECA-7C6F-432C-9F2B-1D2E3C1B09DF}
		{79848D06-958C-4DEF-B259-110FB7CE80B1} = {C8F07ECA-7C6F-432C-9F2B-1D2E3C1B09DF}
		{1D25B071-D362-4BF8-BE93-B7D44F14A7F1} = {C8F07ECA-7C6F-432C-9F2B-1D2E3C1B09DF}
		{38E16C5E-A3B9-4A14-B766-830C73C5AACA} = {C8F07ECA-7C6F-432C-9F2B-1D2E3C1B09DF}
		{A031277D-4D3F-4D38-B87C-FE6B383F00EF} = {C8F07ECA-7C6F-432C-9F2B-1D2E3C1B09DF}
		{A0FEC1B7-B0B6-4847-AD98-12EDDCCFA4BA} = {C8F07ECA-7C6F-432C-9F2B-1D2E3C1B09DF}
		{7A187AE4-BB76-4DBF-885E-DBB032F57A68} = {C8F07ECA-7C6F-432C-9F2B-1D2E3C1B09DF}
		{C806C21D-FE8C-4CDD-A3EE-7F58D19BD1C8} = {C8F07ECA-7C6F-432C-9F2B-1D2E3C1B09DF}
		{62A3C3AF-1424-4003-BEE0-901A25991B41} = {C8F07ECA-7C6F-432C-9F2B-1D2E3C1B09DF}
		{1E24BA1E-E1D2-4427-AC7A-2FBEF5867640} = {B36CC893-0A63-4AC4-A6DA-78D20F2E750A}
		{C64BCE9D-97CE-4C85-A8C7-B3E6C8363B10} = {B36CC893-0A63-4AC4-A6DA-78D20F2E750A}
		{83D1F3A4-4DD9-4A82-9D44-FE640D771FD2} = {B36CC893-0A63-4AC4-A6DA-78D20F2E750A}
		{28B69EB9-1239-43D4-AFFE-CB69FF476C68} = {B36CC893-0A63-4AC4-A6DA-78D20F2E750A}
		{8C83DA1C-8575-4E2F-B4D1-D8921DF318FE} = {C9C5254B-6FA4-47CA-8ACA-54D2FB5923B7}
		{F3F384EE-D37E-4A85-B984-5330C67F50EA} = {C9C5254B-6FA4-47CA-8ACA-54D2FB5923B7}
		{EF734007-5F2E-4191-AF1C-BBC2CB857695} = {C9C5254B-6FA4-47CA-8ACA-54D2FB5923B7}
		{8F34EF0D-CE11-419C-AE02-BF457B396651} = {C9C5254B-6FA4-47CA-8ACA-54D2FB5923B7}
		{4F7E03C4-ECCC-49A0-B2E6-31C23FCC4346} = {C9C5254B-6FA4-47CA-8ACA-54D2FB5923B7}
		{4058561A-3EC9-4D3A-AA0A-EA904C15108C} = {5A21D47F-C49A-4D5C-A700-5E6628D503A5}
		{922FF63A-9D1B-4357-9D24-6C54A7B1A494} = {5A21D47F-C49A-4D5C-A700-5E6628D503A5}
		{FC42717A-4308-4A23-851F-8EA6AF51D765} = {5A21D47F-C49A-4D5C-A700-5E6628D503A5}
		{4BFE7E62-DA16-4D3A-9C48-6E1FBAEC0266} = {5A21D47F-C49A-4D5C-A700-5E6628D503A5}
		{5BA3769F-7349-4FE6-871D-142334477401} = {5A21D47F-C49A-4D5C-A700-5E6628D503A5}
		{B53B4521-2C3E-49C1-8C9B-78C7BEE2A4AC} = {5A21D47F-C49A-4D5C-A700-5E6628D503A5}
		{BDF2F1C1-7E43-4512-9E4B-D99FECA920AE} = {03900D98-1E3F-44A8-AEB9-229378931263}
		{6F73A9EE-60ED-4D6E-8642-858546C8FF0D} = {03900D98-1E3F-44A8-AEB9-229378931263}
		{B1A01CE6-0A3A-4B48-A201-13DB4C1AB677} = {03900D98-1E3F-44A8-AEB9-229378931263}
		{E466A5B0-C5E7-4781-B672-DAF354ABC409} = {03900D98-1E3F-44A8-AEB9-229378931263}
		{4D11EF10-AD86-4486-BD05-91D8098CBFD9} = {03900D98-1E3F-44A8-AEB9-229378931263}
		{2E1B909B-797B-446D-8DE1-990884B111D5} = {2FA796EA-DA8C-4B47-9336-06ACFF80D31D}
		{BC5A3B80-0591-4FCD-8491-182AADBD4BD1} = {2FA796EA-DA8C-4B47-9336-06ACFF80D31D}
		{F54B05E5-886B-418E-9098-FA83113A57E0} = {2FA796EA-DA8C-4B47-9336-06ACFF80D31D}
		{CE15324E-EC5F-41D1-A8C9-A45D01E730EB} = {2FA796EA-DA8C-4B47-9336-06ACFF80D31D}
		{4350DAB2-F170-46FF-B6F3-376F3CFB573B} = {CCF17F8F-1CAA-47E3-B280-01529CABE222}
		{D4DE1C90-5E64-4B05-9464-598F712EA049} = {CCF17F8F-1CAA-47E3-B280-01529CABE222}
		{187D1713-3F1C-461D-9DCC-02DC3F313683} = {CCF17F8F-1CAA-47E3-B280-01529CABE222}
		{98A87DE6-9F09-42EE-A996-A334413775EE} = {CCF17F8F-1CAA-47E3-B280-01529CABE222}
		{A9DEF320-0E3B-4C5F-9914-10EF1751FA23} = {E00EA339-6153-4EA2-865E-13A5E11A2AD4}
		{E34701AA-650F-4D7C-9D4C-2B061E051331} = {E00EA339-6153-4EA2-865E-13A5E11A2AD4}
		{4FC5178C-BD60-468F-B99B-99AA192C3C6E} = {E00EA339-6153-4EA2-865E-13A5E11A2AD4}
		{52434463-1483-4A73-866E-1E90FBD78E15} = {E00EA339-6153-4EA2-865E-13A5E11A2AD4}
		{717BCD5D-61FC-4FE5-87F2-3AA379EB0298} = {E00EA339-6153-4EA2-865E-13A5E11A2AD4}
		{3EFAD76D-3EE0-4120-9565-C6DF08EA2C15} = {E00EA339-6153-4EA2-865E-13A5E11A2AD4}
		{C650AB01-F8A6-4AF2-9904-026DA8BAF100} = {E00EA339-6153-4EA2-865E-13A5E11A2AD4}
		{2E0859B4-8BF8-4046-8A6A-AB9013A7512F} = {E00EA339-6153-4EA2-865E-13A5E11A2AD4}
		{9C502A4E-AC29-4610-8864-167B448DC3B5} = {E00EA339-6153-4EA2-865E-13A5E11A2AD4}
		{924AEC2D-2035-4A2A-8238-6777EF3DF8D3} = {E00EA339-6153-4EA2-865E-13A5E11A2AD4}
		{D82534E2-5040-4F2F-ABAC-20A0F22156DD} = {E00EA339-6153-4EA2-865E-13A5E11A2AD4}
		{46F086FD-2435-4831-BC06-E3E8AD02131E} = {E00EA339-6153-4EA2-865E-13A5E11A2AD4}
		{17BF2883-4BF3-4D96-A529-8F307812BF5A} = {5A1A72FB-CF54-4AB1-9094-A3E04279A30A}
		{15364B88-23B4-4C25-B62E-0785E561827E} = {5A1A72FB-CF54-4AB1-9094-A3E04279A30A}
		{FDF75FF9-CE3B-4F46-9322-D65A9D28952C} = {5A1A72FB-CF54-4AB1-9094-A3E04279A30A}
		{5C937EA0-FF13-4D61-A437-1BE5620EE0D9} = {5A1A72FB-CF54-4AB1-9094-A3E04279A30A}
		{62FC8E77-E0AD-4D12-8F1B-3950E9FAC0AE} = {5A1A72FB-CF54-4AB1-9094-A3E04279A30A}
		{4FBB0B22-1A19-4200-B90A-077237D3C06F} = {5A1A72FB-CF54-4AB1-9094-A3E04279A30A}
		{97B24A87-2E86-4A50-922F-DFAFB2DF8C69} = {5A1A72FB-CF54-4AB1-9094-A3E04279A30A}
		{059AA85F-75D3-4DCD-8836-95FB0737B474} = {5A1A72FB-CF54-4AB1-9094-A3E04279A30A}
		{C0321E9D-A091-4E8C-87A7-F67F9BBCAAA1} = {5A1A72FB-CF54-4AB1-9094-A3E04279A30A}
	EndGlobalSection
EndGlobal
